
Microsoft Visual Studio Solution File, Format Version 12.00
# Visual Studio Version 16
VisualStudioVersion = 16.0.31727.386
MinimumVisualStudioVersion = 10.0.40219.1
Project("{FAE04EC0-301F-11D3-BF4B-00C04F79EFBC}") = "FoetexTrygLevering", "FoetexTrygLevering.csproj", "{EDB0F817-B3FA-4508-ABD2-57246252B0E5}"
EndProject
Global
	GlobalSection(SolutionConfigurationPlatforms) = preSolution
		Debug|Any CPU = Debug|Any CPU
		Release|Any CPU = Release|Any CPU
	EndGlobalSection
	GlobalSection(ProjectConfigurationPlatforms) = postSolution
		{EDB0F817-B3FA-4508-ABD2-57246252B0E5}.Debug|Any CPU.ActiveCfg = Debug|Any CPU
		{EDB0F817-B3FA-4508-ABD2-57246252B0E5}.Debug|Any CPU.Build.0 = Debug|Any CPU
		{EDB0F817-B3FA-4508-ABD2-57246252B0E5}.Release|Any CPU.ActiveCfg = Release|Any CPU
		{EDB0F817-B3FA-4508-ABD2-57246252B0E5}.Release|Any CPU.Build.0 = Release|Any CPU
	EndGlobalSection
	GlobalSection(SolutionProperties) = preSolution
		HideSolutionNode = FALSE
	EndGlobalSection
	GlobalSection(ExtensibilityGlobals) = postSolution
		SolutionGuid = {CD87A8B0-7B11-409A-A49D-B07504F4D53C}
	EndGlobalSection
EndGlobal
